
Microsoft Visual Studio Solution File, Format Version 12.00
# Visual Studio 15
VisualStudioVersion = 15.0.27703.2042
MinimumVisualStudioVersion = 10.0.40219.1
Project("{FAE04EC0-301F-11D3-BF4B-00C04F79EFBC}") = "Observer", "Observer\Observer.csproj", "{641A9E6B-6F02-4C90-8EBB-7AC089375FF3}"
EndProject
Project("{FAE04EC0-301F-11D3-BF4B-00C04F79EFBC}") = "TemplateMethod", "TemplateMethod\TemplateMethod.csproj", "{6CFE781D-8F7E-497F-A33A-77601D2D8FD6}"
EndProject
Project("{FAE04EC0-301F-11D3-BF4B-00C04F79EFBC}") = "Strategy", "Strategy\Strategy.csproj", "{111CCCD6-6737-4B4F-8859-35434DC38A5E}"
EndProject
Global
	GlobalSection(SolutionConfigurationPlatforms) = preSolution
		Debug|Any CPU = Debug|Any CPU
		Release|Any CPU = Release|Any CPU
	EndGlobalSection
	GlobalSection(ProjectConfigurationPlatforms) = postSolution
		{641A9E6B-6F02-4C90-8EBB-7AC089375FF3}.Debug|Any CPU.ActiveCfg = Debug|Any CPU
		{641A9E6B-6F02-4C90-8EBB-7AC089375FF3}.Debug|Any CPU.Build.0 = Debug|Any CPU
		{641A9E6B-6F02-4C90-8EBB-7AC089375FF3}.Release|Any CPU.ActiveCfg = Release|Any CPU
		{641A9E6B-6F02-4C90-8EBB-7AC089375FF3}.Release|Any CPU.Build.0 = Release|Any CPU
		{6CFE781D-8F7E-497F-A33A-77601D2D8FD6}.Debug|Any CPU.ActiveCfg = Debug|Any CPU
		{6CFE781D-8F7E-497F-A33A-77601D2D8FD6}.Debug|Any CPU.Build.0 = Debug|Any CPU
		{6CFE781D-8F7E-497F-A33A-77601D2D8FD6}.Release|Any CPU.ActiveCfg = Release|Any CPU
		{6CFE781D-8F7E-497F-A33A-77601D2D8FD6}.Release|Any CPU.Build.0 = Release|Any CPU
		{111CCCD6-6737-4B4F-8859-35434DC38A5E}.Debug|Any CPU.ActiveCfg = Debug|Any CPU
		{111CCCD6-6737-4B4F-8859-35434DC38A5E}.Debug|Any CPU.Build.0 = Debug|Any CPU
		{111CCCD6-6737-4B4F-8859-35434DC38A5E}.Release|Any CPU.ActiveCfg = Release|Any CPU
		{111CCCD6-6737-4B4F-8859-35434DC38A5E}.Release|Any CPU.Build.0 = Release|Any CPU
	EndGlobalSection
	GlobalSection(SolutionProperties) = preSolution
		HideSolutionNode = FALSE
	EndGlobalSection
	GlobalSection(ExtensibilityGlobals) = postSolution
		SolutionGuid = {76559F4F-0D02-489D-9327-62FF99826894}
	EndGlobalSection
EndGlobal
